
Microsoft Visual Studio Solution File, Format Version 12.00
# Visual Studio 2013
VisualStudioVersion = 12.0.31101.0
MinimumVisualStudioVersion = 10.0.40219.1
Project("{FAE04EC0-301F-11D3-BF4B-00C04F79EFBC}") = "TheForlorn", "TheForlorn\TheForlorn.csproj", "{B6C8A42B-6CC3-48EA-89C5-D5D8D2B939FD}"
EndProject
Project("{FAE04EC0-301F-11D3-BF4B-00C04F79EFBC}") = "ForlornStub", "ForlornStub\ForlornStub.csproj", "{C5B59CB7-0D59-4ECD-907B-025D411DBB92}"
EndProject
Project("{FAE04EC0-301F-11D3-BF4B-00C04F79EFBC}") = "ForlornTest", "ForlornTest\ForlornTest.csproj", "{A0D38929-5197-4EA4-B4A1-B4B2ACF9EFFD}"
EndProject
Global
	GlobalSection(SolutionConfigurationPlatforms) = preSolution
		Debug|Any CPU = Debug|Any CPU
		Release|Any CPU = Release|Any CPU
	EndGlobalSection
	GlobalSection(ProjectConfigurationPlatforms) = postSolution
		{B6C8A42B-6CC3-48EA-89C5-D5D8D2B939FD}.Debug|Any CPU.ActiveCfg = Debug|Any CPU
		{B6C8A42B-6CC3-48EA-89C5-D5D8D2B939FD}.Debug|Any CPU.Build.0 = Debug|Any CPU
		{B6C8A42B-6CC3-48EA-89C5-D5D8D2B939FD}.Release|Any CPU.ActiveCfg = Release|Any CPU
		{B6C8A42B-6CC3-48EA-89C5-D5D8D2B939FD}.Release|Any CPU.Build.0 = Release|Any CPU
		{C5B59CB7-0D59-4ECD-907B-025D411DBB92}.Debug|Any CPU.ActiveCfg = Debug|Any CPU
		{C5B59CB7-0D59-4ECD-907B-025D411DBB92}.Debug|Any CPU.Build.0 = Debug|Any CPU
		{C5B59CB7-0D59-4ECD-907B-025D411DBB92}.Release|Any CPU.ActiveCfg = Release|Any CPU
		{C5B59CB7-0D59-4ECD-907B-025D411DBB92}.Release|Any CPU.Build.0 = Release|Any CPU
		{A0D38929-5197-4EA4-B4A1-B4B2ACF9EFFD}.Debug|Any CPU.ActiveCfg = Debug|Any CPU
		{A0D38929-5197-4EA4-B4A1-B4B2ACF9EFFD}.Debug|Any CPU.Build.0 = Debug|Any CPU
		{A0D38929-5197-4EA4-B4A1-B4B2ACF9EFFD}.Release|Any CPU.ActiveCfg = Release|Any CPU
		{A0D38929-5197-4EA4-B4A1-B4B2ACF9EFFD}.Release|Any CPU.Build.0 = Release|Any CPU
	EndGlobalSection
	GlobalSection(SolutionProperties) = preSolution
		HideSolutionNode = FALSE
	EndGlobalSection
EndGlobal
